{
  "requires": true,
  "lockfileVersion": 1,
  "dependencies": {
    "@syncfusion/ej2": {
      "version": "17.4.49",
      "resolved": "https://registry.npmjs.org/@syncfusion/ej2/-/ej2-17.4.49.tgz",
      "integrity": "sha512-XiNBX4cUjeqlE0wK4MJOaMR3U7xmh4xBtPH+S8Ii2VV2wfHyk6mddgmTPLF86KJ0SC4CAmiddBLEMtIGbqqV/w==",
      "requires": {
        "@syncfusion/ej2-barcode-generator": "~17.4.49",
        "@syncfusion/ej2-base": "~17.4.47",
        "@syncfusion/ej2-buttons": "~17.4.49",
        "@syncfusion/ej2-calendars": "~17.4.49",
        "@syncfusion/ej2-charts": "~17.4.49",
        "@syncfusion/ej2-circulargauge": "~17.4.47",
        "@syncfusion/ej2-compression": "~17.4.47",
        "@syncfusion/ej2-data": "~17.4.47",
        "@syncfusion/ej2-diagrams": "~17.4.47",
        "@syncfusion/ej2-documenteditor": "~17.4.49",
        "@syncfusion/ej2-drawings": "~17.4.47",
        "@syncfusion/ej2-dropdowns": "~17.4.49",
        "@syncfusion/ej2-excel-export": "~17.4.47",
        "@syncfusion/ej2-file-utils": "~17.4.47",
        "@syncfusion/ej2-filemanager": "~17.4.47",
        "@syncfusion/ej2-gantt": "~17.4.49",
        "@syncfusion/ej2-grids": "~17.4.49",
        "@syncfusion/ej2-heatmap": "~17.4.47",
        "@syncfusion/ej2-icons": "~17.4.47",
        "@syncfusion/ej2-inplace-editor": "~17.4.47",
        "@syncfusion/ej2-inputs": "~17.4.47",
        "@syncfusion/ej2-kanban": "~17.4.47",
        "@syncfusion/ej2-layouts": "~17.4.47",
        "@syncfusion/ej2-lineargauge": "~17.4.47",
        "@syncfusion/ej2-lists": "~17.4.47",
        "@syncfusion/ej2-maps": "~17.4.49",
        "@syncfusion/ej2-navigations": "~17.4.49",
        "@syncfusion/ej2-notifications": "~17.4.47",
        "@syncfusion/ej2-office-chart": "~17.4.47",
        "@syncfusion/ej2-pdf-export": "~17.4.47",
        "@syncfusion/ej2-pdfviewer": "~17.4.49",
        "@syncfusion/ej2-pivotview": "~17.4.47",
        "@syncfusion/ej2-popups": "~17.4.49",
        "@syncfusion/ej2-querybuilder": "~17.4.49",
        "@syncfusion/ej2-richtexteditor": "~17.4.49",
        "@syncfusion/ej2-schedule": "~17.4.47",
        "@syncfusion/ej2-splitbuttons": "~17.4.49",
        "@syncfusion/ej2-spreadsheet": "~17.4.49",
        "@syncfusion/ej2-svg-base": "~17.4.47",
        "@syncfusion/ej2-treegrid": "~17.4.49",
        "@syncfusion/ej2-treemap": "~17.4.47",
        "tslib": "^1.8.0"
      }
    },
    "@syncfusion/ej2-barcode-generator": {
      "version": "17.4.49",
      "resolved": "https://registry.npmjs.org/@syncfusion/ej2-barcode-generator/-/ej2-barcode-generator-17.4.49.tgz",
      "integrity": "sha512-UewrHP2F+zUhl3Sd075d+TdykwIfZ2VUYQE5bxyFzMPbBamSlMlJ0EvrQUE0VwCMS1VL5TU8EQPH1dZyyYPGKA==",
      "requires": {
        "@syncfusion/ej2-base": "~17.4.47",
        "@syncfusion/ej2-data": "~17.4.47"
      }
    },
    "@syncfusion/ej2-base": {
      "version": "17.4.47",
      "resolved": "https://registry.npmjs.org/@syncfusion/ej2-base/-/ej2-base-17.4.47.tgz",
      "integrity": "sha512-NtW0IKgLYzq4fZBmyG+kT3WEDqD9Wq+fsUkg6k1xQjp8Xy6zCqJul2U15BDF8GwY9nIH/nvsoPFV5+025ypJnA==",
      "requires": {
        "@syncfusion/ej2-icons": "~17.4.47"
      }
    },
    "@syncfusion/ej2-buttons": {
      "version": "17.4.49",
      "resolved": "https://registry.npmjs.org/@syncfusion/ej2-buttons/-/ej2-buttons-17.4.49.tgz",
      "integrity": "sha512-1Ohe1q8lwg+8e7f0TQzOdDS4l1giDArz3OqPeH92loQvnG2naXG7kHsKaAaADa/0x1B7vWZKLYBg63t30F1RcA==",
      "requires": {
        "@syncfusion/ej2-base": "~17.4.47"
      }
    },
    "@syncfusion/ej2-calendars": {
      "version": "17.4.49",
      "resolved": "https://registry.npmjs.org/@syncfusion/ej2-calendars/-/ej2-calendars-17.4.49.tgz",
      "integrity": "sha512-GgYV9U33EkzY37PmCco3gw98BE7/NpcrGg9X9imSz2aO/lGpQiKaIrwg6dUKmPpLor/DwncxK5gMqjgkuY2m6Q==",
      "requires": {
        "@syncfusion/ej2-base": "~17.4.47",
        "@syncfusion/ej2-buttons": "~17.4.49",
        "@syncfusion/ej2-inputs": "~17.4.47",
        "@syncfusion/ej2-lists": "~17.4.47",
        "@syncfusion/ej2-popups": "~17.4.49"
      }
    },
    "@syncfusion/ej2-charts": {
      "version": "17.4.49",
      "resolved": "https://registry.npmjs.org/@syncfusion/ej2-charts/-/ej2-charts-17.4.49.tgz",
      "integrity": "sha512-EpqpXYvlvI2a9TZFTLYVoxcZIdyUiNbsF1CV15cbmHkCXErPblN6jollt/8hVA8Vz8dUuOMPE2dm8X1YBFyCwg==",
      "requires": {
        "@syncfusion/ej2-base": "~17.4.47",
        "@syncfusion/ej2-calendars": "~17.4.49",
        "@syncfusion/ej2-compression": "~17.4.47",
        "@syncfusion/ej2-data": "~17.4.47",
        "@syncfusion/ej2-file-utils": "~17.4.47",
        "@syncfusion/ej2-navigations": "~17.4.49",
        "@syncfusion/ej2-pdf-export": "~17.4.47",
        "@syncfusion/ej2-svg-base": "~17.4.47"
      }
    },
    "@syncfusion/ej2-circulargauge": {
      "version": "17.4.47",
      "resolved": "https://registry.npmjs.org/@syncfusion/ej2-circulargauge/-/ej2-circulargauge-17.4.47.tgz",
      "integrity": "sha512-Kp6Its9/ycaW7pi9qW+eBF3UGz1ysZJE925m239+bAQ5CGjsD7JexhoL/skXqxqUo7CAXoLDMN4V3c1pYfuu6g==",
      "requires": {
        "@syncfusion/ej2-base": "~17.4.47",
        "@syncfusion/ej2-pdf-export": "~17.4.47",
        "@syncfusion/ej2-svg-base": "~17.4.47"
      }
    },
    "@syncfusion/ej2-compression": {
      "version": "17.4.47",
      "resolved": "https://registry.npmjs.org/@syncfusion/ej2-compression/-/ej2-compression-17.4.47.tgz",
      "integrity": "sha512-Rcwh6wmbwnvzQdASx4xw2WHwtsLZUasS+7a2eXwtuJM+J8tgmxVA/UXXFcb62BoInGMn8aBzfDf9vd2eulvZJg==",
      "requires": {
        "@syncfusion/ej2-file-utils": "~17.4.47"
      }
    },
    "@syncfusion/ej2-data": {
      "version": "17.4.47",
      "resolved": "https://registry.npmjs.org/@syncfusion/ej2-data/-/ej2-data-17.4.47.tgz",
      "integrity": "sha512-gcpGo6PAlp47mf+WkIS7dUfi2Z9ZEXfs5wdDogDikEUkspPvsQHN853lZj861uXBhtCRMmI4RwIf6K91sZVZAg==",
      "requires": {
        "@syncfusion/ej2-base": "~17.4.47"
      }
    },
    "@syncfusion/ej2-diagrams": {
      "version": "17.4.47",
      "resolved": "https://registry.npmjs.org/@syncfusion/ej2-diagrams/-/ej2-diagrams-17.4.47.tgz",
      "integrity": "sha512-x0Bymm/cHezjlmRKHxFLbqJFIVQPu5VXCSd1UxJnooNj6bqNf5evvviatdpm9EEjOsuFeo7GOegYkbE/syZS2Q==",
      "requires": {
        "@syncfusion/ej2-base": "~17.4.47",
        "@syncfusion/ej2-buttons": "~17.4.47",
        "@syncfusion/ej2-data": "~17.4.47",
        "@syncfusion/ej2-inputs": "~17.4.47",
        "@syncfusion/ej2-lists": "~17.4.47",
        "@syncfusion/ej2-navigations": "~17.4.47",
        "@syncfusion/ej2-popups": "~17.4.47"
      }
    },
    "@syncfusion/ej2-documenteditor": {
      "version": "17.4.49",
      "resolved": "https://registry.npmjs.org/@syncfusion/ej2-documenteditor/-/ej2-documenteditor-17.4.49.tgz",
      "integrity": "sha512-rD3c4BNuhHDviYXq87pfFzLbWAsoO1j9f1zeJzXABpdPtrohGa3QMG3XSOhi03ADr6K71USb2QDXK4LeMoXVWQ==",
      "requires": {
        "@syncfusion/ej2-base": "~17.4.47",
        "@syncfusion/ej2-buttons": "~17.4.49",
        "@syncfusion/ej2-compression": "~17.4.47",
        "@syncfusion/ej2-dropdowns": "~17.4.49",
        "@syncfusion/ej2-file-utils": "~17.4.47",
        "@syncfusion/ej2-inputs": "~17.4.47",
        "@syncfusion/ej2-navigations": "~17.4.49",
        "@syncfusion/ej2-office-chart": "~17.4.47",
        "@syncfusion/ej2-popups": "~17.4.49",
        "@syncfusion/ej2-splitbuttons": "~17.4.49"
      }
    },
    "@syncfusion/ej2-drawings": {
      "version": "17.4.47",
      "resolved": "https://registry.npmjs.org/@syncfusion/ej2-drawings/-/ej2-drawings-17.4.47.tgz",
      "integrity": "sha512-R/2jYggCP5sZbnG/qBuK83C9a5cnGasamxyadK935d7fDw/LJMKsk9mNk/2UYVPs1d1csdUvuWP++ZvEIHbjNg==",
      "requires": {
        "@syncfusion/ej2-base": "~17.4.47",
        "@syncfusion/ej2-data": "~17.4.47"
      }
    },
    "@syncfusion/ej2-dropdowns": {
      "version": "17.4.49",
      "resolved": "https://registry.npmjs.org/@syncfusion/ej2-dropdowns/-/ej2-dropdowns-17.4.49.tgz",
      "integrity": "sha512-ghuGrxVcycSkaRvJdRuA54uwUlEfV8lcCH+0nOVSmQUI7u+mroNhDC2+CR1py3SyF4P7GkP2xVYSRQl1dsI0Qg==",
      "requires": {
        "@syncfusion/ej2-base": "~17.4.47",
        "@syncfusion/ej2-data": "~17.4.47",
        "@syncfusion/ej2-inputs": "~17.4.47",
        "@syncfusion/ej2-lists": "~17.4.47",
        "@syncfusion/ej2-popups": "~17.4.49"
      }
    },
    "@syncfusion/ej2-excel-export": {
      "version": "17.4.47",
      "resolved": "https://registry.npmjs.org/@syncfusion/ej2-excel-export/-/ej2-excel-export-17.4.47.tgz",
      "integrity": "sha512-TjVNHqJ9deZ2FvtaFlXsYaJXNNZCq9e7IesetZiA9mR/l4TYLhCOm1TWtsI2saTNlQV9Vm2nHyEZWLU+lNz9Lw==",
      "requires": {
        "@syncfusion/ej2-base": "~17.4.47",
        "@syncfusion/ej2-compression": "~17.4.47"
      }
    },
    "@syncfusion/ej2-file-utils": {
      "version": "17.4.47",
      "resolved": "https://registry.npmjs.org/@syncfusion/ej2-file-utils/-/ej2-file-utils-17.4.47.tgz",
      "integrity": "sha512-z3QLUkerENnO65HhTwp0v/O2OPzGKOKCve7Nq0CCL5PCwsZfrWoHzPmiZrbUIYU/29dniOrreb9t9lHf30sY5w=="
    },
    "@syncfusion/ej2-filemanager": {
      "version": "17.4.47",
      "resolved": "https://registry.npmjs.org/@syncfusion/ej2-filemanager/-/ej2-filemanager-17.4.47.tgz",
      "integrity": "sha512-33ZLfYWaqh4LQyOvXOsZ+JPZDqX2EZ9g+sJc6CGNR4hRUU60oY95/IQaggmLlPQr8fUvcBxKbEWpxUkXARYFMQ==",
      "requires": {
        "@syncfusion/ej2-grids": "~17.4.47",
        "@syncfusion/ej2-layouts": "~17.4.47",
        "selenium-webdriver": "^4.0.0-alpha.1"
      }
    },
    "@syncfusion/ej2-gantt": {
      "version": "17.4.49",
      "resolved": "https://registry.npmjs.org/@syncfusion/ej2-gantt/-/ej2-gantt-17.4.49.tgz",
      "integrity": "sha512-qVj0b+l0RHFXHhEpfTY5dC8bTncjx0/OYF0EqcFPXbGWPeeToZIjDe3kMSwhOWNa3xa+DjUveFioveHgka4I6g==",
      "requires": {
        "@syncfusion/ej2-base": "~17.4.47",
        "@syncfusion/ej2-buttons": "~17.4.49",
        "@syncfusion/ej2-calendars": "~17.4.49",
        "@syncfusion/ej2-data": "~17.4.47",
        "@syncfusion/ej2-dropdowns": "~17.4.49",
        "@syncfusion/ej2-grids": "~17.4.49",
        "@syncfusion/ej2-inputs": "~17.4.47",
        "@syncfusion/ej2-layouts": "~17.4.47",
        "@syncfusion/ej2-lists": "~17.4.47",
        "@syncfusion/ej2-navigations": "~17.4.49",
        "@syncfusion/ej2-popups": "~17.4.49",
        "@syncfusion/ej2-richtexteditor": "~17.4.49",
        "@syncfusion/ej2-treegrid": "~17.4.49"
      }
    },
    "@syncfusion/ej2-grids": {
      "version": "17.4.49",
      "resolved": "https://registry.npmjs.org/@syncfusion/ej2-grids/-/ej2-grids-17.4.49.tgz",
      "integrity": "sha512-wNBcH/t2xD2Ytn4r1QAw+KaOpZewv7wx/nrMc+GmFYj4h1F3F3FxkvuLrNaKdcKuTLrcpj/MRBK4W/6sWsee8g==",
      "requires": {
        "@syncfusion/ej2-base": "~17.4.47",
        "@syncfusion/ej2-buttons": "~17.4.49",
        "@syncfusion/ej2-calendars": "~17.4.49",
        "@syncfusion/ej2-compression": "~17.4.47",
        "@syncfusion/ej2-data": "~17.4.47",
        "@syncfusion/ej2-dropdowns": "~17.4.49",
        "@syncfusion/ej2-excel-export": "~17.4.47",
        "@syncfusion/ej2-file-utils": "~17.4.47",
        "@syncfusion/ej2-inputs": "~17.4.47",
        "@syncfusion/ej2-lists": "~17.4.47",
        "@syncfusion/ej2-navigations": "~17.4.49",
        "@syncfusion/ej2-pdf-export": "~17.4.47",
        "@syncfusion/ej2-popups": "~17.4.49",
        "@syncfusion/ej2-splitbuttons": "~17.4.49"
      }
    },
    "@syncfusion/ej2-heatmap": {
      "version": "17.4.47",
      "resolved": "https://registry.npmjs.org/@syncfusion/ej2-heatmap/-/ej2-heatmap-17.4.47.tgz",
      "integrity": "sha512-6cdQ6nSRgOGm4SGBAsLmKK/xbSt+49UWdtsdOuLh9GzRQPXWLjvbp6HNvqIOeVKba+ZRcqPfiz9DJGTqy1Ts3A==",
      "requires": {
        "@syncfusion/ej2-base": "~17.4.47",
        "@syncfusion/ej2-data": "~17.4.47",
        "@syncfusion/ej2-svg-base": "~17.4.47"
      }
    },
    "@syncfusion/ej2-icons": {
      "version": "17.4.47",
      "resolved": "https://registry.npmjs.org/@syncfusion/ej2-icons/-/ej2-icons-17.4.47.tgz",
      "integrity": "sha512-u+6f53FUKPEOVf2ZXVTFOZtqNSkoe4z0VDHjOQXIeX1iLnBjTEgKoKiQXEZGncB814wKW2RJ6htEhgVZW6yxzw=="
    },
    "@syncfusion/ej2-inplace-editor": {
      "version": "17.4.47",
      "resolved": "https://registry.npmjs.org/@syncfusion/ej2-inplace-editor/-/ej2-inplace-editor-17.4.47.tgz",
      "integrity": "sha512-+Z8T7iUlhGJcIE2T5P7Mduk7CBnC5WtUI+qFoji5e2vIl/FBMduZkl9ojyMiZmPiDIo7Nyx0IvSgIIK+0GKkWw==",
      "requires": {
        "@syncfusion/ej2-base": "~17.4.47",
        "@syncfusion/ej2-buttons": "~17.4.47",
        "@syncfusion/ej2-calendars": "~17.4.47",
        "@syncfusion/ej2-data": "~17.4.47",
        "@syncfusion/ej2-dropdowns": "~17.4.47",
        "@syncfusion/ej2-inputs": "~17.4.47",
        "@syncfusion/ej2-lists": "~17.4.47",
        "@syncfusion/ej2-navigations": "~17.4.47",
        "@syncfusion/ej2-popups": "~17.4.47",
        "@syncfusion/ej2-richtexteditor": "~17.4.47",
        "@syncfusion/ej2-splitbuttons": "~17.4.47"
      }
    },
    "@syncfusion/ej2-inputs": {
      "version": "17.4.47",
      "resolved": "https://registry.npmjs.org/@syncfusion/ej2-inputs/-/ej2-inputs-17.4.47.tgz",
      "integrity": "sha512-Eo3eAbFEHcQesr2vvhwx8gGEoY2KHmHa9lPjkmRqb+fAcLieWMU+Wl5VO0UN3dE+Fx28QCEkWS/7pfuvnJLnrg==",
      "requires": {
        "@syncfusion/ej2-base": "~17.4.47",
        "@syncfusion/ej2-buttons": "~17.4.47",
        "@syncfusion/ej2-popups": "~17.4.47",
        "@syncfusion/ej2-splitbuttons": "~17.4.47"
      }
    },
    "@syncfusion/ej2-kanban": {
      "version": "17.4.47",
      "resolved": "https://registry.npmjs.org/@syncfusion/ej2-kanban/-/ej2-kanban-17.4.47.tgz",
      "integrity": "sha512-cD1TtSCKBGyVZOBdoTFFtlQUmlcHM4Q/AqfXyOsS7U3bBpixZw8BNU74C6dTtxy0zBtdi3ecQnpkIGKaOisF3A==",
      "requires": {
        "@syncfusion/ej2-base": "~17.4.47",
        "@syncfusion/ej2-data": "~17.4.47",
        "@syncfusion/ej2-layouts": "~17.4.47",
        "@syncfusion/ej2-navigations": "~17.4.47",
        "@syncfusion/ej2-popups": "~17.4.47"
      }
    },
    "@syncfusion/ej2-layouts": {
      "version": "17.4.47",
      "resolved": "https://registry.npmjs.org/@syncfusion/ej2-layouts/-/ej2-layouts-17.4.47.tgz",
      "integrity": "sha512-1m8YAkwGVfxY7CcGF7gfM6Aq+cy/5b5X8A424hQeEzR0mgp2Za+gEZ4bn+G2ZVHqpnfy5vPF/it+319F9f41eg==",
      "requires": {
        "@syncfusion/ej2-base": "~17.4.47"
      }
    },
    "@syncfusion/ej2-lineargauge": {
      "version": "17.4.47",
      "resolved": "https://registry.npmjs.org/@syncfusion/ej2-lineargauge/-/ej2-lineargauge-17.4.47.tgz",
      "integrity": "sha512-IhcDU3TFEEIzakDJ7BOl7ie5Wa/ZLWUoaxO+XNjO2hfvvG16yM1pfHAe/bW3NCbd7+GxrdPYSFICFiFUeeseSg==",
      "requires": {
        "@syncfusion/ej2-base": "~17.4.47",
        "@syncfusion/ej2-pdf-export": "~17.4.47",
        "@syncfusion/ej2-svg-base": "~17.4.47"
      }
    },
    "@syncfusion/ej2-lists": {
      "version": "17.4.47",
      "resolved": "https://registry.npmjs.org/@syncfusion/ej2-lists/-/ej2-lists-17.4.47.tgz",
      "integrity": "sha512-DAGxrScsuToio1jEPx4GaKDEKf+TMO7O6UetP3i/F4Xj6XDkSGBap+q2t0cVq5Sy8V87Isv1IFFvPXZ7aWNJRg==",
      "requires": {
        "@syncfusion/ej2-base": "~17.4.47",
        "@syncfusion/ej2-buttons": "~17.4.47",
        "@syncfusion/ej2-data": "~17.4.47"
      }
    },
    "@syncfusion/ej2-maps": {
      "version": "17.4.49",
      "resolved": "https://registry.npmjs.org/@syncfusion/ej2-maps/-/ej2-maps-17.4.49.tgz",
      "integrity": "sha512-xIkJrZuensvERZGvYfyn6jbVQdC6QmFIkYv90Ij5Ys+wwr/gjONAPIl31Fa0IFS9Wb0kddswGihUGwgzKOB6LA==",
      "requires": {
        "@syncfusion/ej2-base": "~17.4.47",
        "@syncfusion/ej2-compression": "~17.4.47",
        "@syncfusion/ej2-data": "~17.4.47",
        "@syncfusion/ej2-file-utils": "~17.4.47",
        "@syncfusion/ej2-pdf-export": "~17.4.47",
        "@syncfusion/ej2-svg-base": "~17.4.47"
      }
    },
    "@syncfusion/ej2-navigations": {
      "version": "17.4.49",
      "resolved": "https://registry.npmjs.org/@syncfusion/ej2-navigations/-/ej2-navigations-17.4.49.tgz",
      "integrity": "sha512-eDNMaTwNjolFP1Hf/tzSdIrKARCWBl6pZn9BoX1rnpUoOwvm5Anrgc9iqbQtKnJodAXpcIj22BP0yHLv5W552w==",
      "requires": {
        "@syncfusion/ej2-base": "~17.4.47",
        "@syncfusion/ej2-buttons": "~17.4.49",
        "@syncfusion/ej2-data": "~17.4.47",
        "@syncfusion/ej2-inputs": "~17.4.47",
        "@syncfusion/ej2-lists": "~17.4.47",
        "@syncfusion/ej2-popups": "~17.4.49"
      }
    },
    "@syncfusion/ej2-notifications": {
      "version": "17.4.47",
      "resolved": "https://registry.npmjs.org/@syncfusion/ej2-notifications/-/ej2-notifications-17.4.47.tgz",
      "integrity": "sha512-+9PYubSzXOHh3RFWllZiXjqPQOZ9Jf+oRGu+j2qtK5YbongbzksOvpnUfI9jgR7XkEjAMVcZLD3zoUdD5VQfTw==",
      "requires": {
        "@syncfusion/ej2-base": "~17.4.47",
        "@syncfusion/ej2-buttons": "~17.4.47",
        "@syncfusion/ej2-popups": "~17.4.47"
      }
    },
    "@syncfusion/ej2-office-chart": {
      "version": "17.4.47",
      "resolved": "https://registry.npmjs.org/@syncfusion/ej2-office-chart/-/ej2-office-chart-17.4.47.tgz",
      "integrity": "sha512-5OwO2INKo3ksx3fc/sefeiHybXDrPWYwsvvjoQLwzWPgbuAvpd8B/zEcdWIAZ3WBuBvg3MGGoxQhy4kpOtUYtg==",
      "requires": {
        "@syncfusion/ej2-charts": "~17.4.47"
      }
    },
    "@syncfusion/ej2-pdf-export": {
      "version": "17.4.47",
      "resolved": "https://registry.npmjs.org/@syncfusion/ej2-pdf-export/-/ej2-pdf-export-17.4.47.tgz",
      "integrity": "sha512-HoKeYXYBkWRPuqWj3XJeoLoDc9+2tVuPgaStsTaW+vyDOwFdZt8Y8X1ghKDTENKnGHWT2sqRhTqNFOxylg1Y4Q==",
      "requires": {
        "@syncfusion/ej2-compression": "~17.4.47"
      }
    },
    "@syncfusion/ej2-pdfviewer": {
      "version": "17.4.49",
      "resolved": "https://registry.npmjs.org/@syncfusion/ej2-pdfviewer/-/ej2-pdfviewer-17.4.49.tgz",
      "integrity": "sha512-LNd/SHOs7paoRukedpMZ2VmOjBI+mFCeLuPNL7uBSthndWRRA0MljS4NhlqLVi/7H/PUyxwS0XjkNR7y5QEcIQ==",
      "requires": {
        "@syncfusion/ej2-base": "~17.4.47",
        "@syncfusion/ej2-buttons": "~17.4.49",
        "@syncfusion/ej2-calendars": "~17.4.49",
        "@syncfusion/ej2-data": "~17.4.47",
        "@syncfusion/ej2-drawings": "~17.4.47",
        "@syncfusion/ej2-dropdowns": "~17.4.49",
        "@syncfusion/ej2-inplace-editor": "~17.4.47",
        "@syncfusion/ej2-inputs": "~17.4.47",
        "@syncfusion/ej2-lists": "~17.4.47",
        "@syncfusion/ej2-navigations": "~17.4.49",
        "@syncfusion/ej2-notifications": "~17.4.47",
        "@syncfusion/ej2-popups": "~17.4.49",
        "@syncfusion/ej2-richtexteditor": "~17.4.49"
      }
    },
    "@syncfusion/ej2-pivotview": {
      "version": "17.4.47",
      "resolved": "https://registry.npmjs.org/@syncfusion/ej2-pivotview/-/ej2-pivotview-17.4.47.tgz",
      "integrity": "sha512-tKUfZ+xncGQsaDV1HAAEAv6dHkMAncEg8MUzZ51b17CfAYYBP+GuY1l4yy0/jS5/d0BmI/NwCpbW9VBKbFk3Hw==",
      "requires": {
        "@syncfusion/ej2-base": "~17.4.47",
        "@syncfusion/ej2-buttons": "~17.4.47",
        "@syncfusion/ej2-calendars": "~17.4.47",
        "@syncfusion/ej2-charts": "~17.4.47",
        "@syncfusion/ej2-compression": "~17.4.47",
        "@syncfusion/ej2-data": "~17.4.47",
        "@syncfusion/ej2-dropdowns": "~17.4.47",
        "@syncfusion/ej2-excel-export": "~17.4.47",
        "@syncfusion/ej2-file-utils": "~17.4.47",
        "@syncfusion/ej2-grids": "~17.4.47",
        "@syncfusion/ej2-inputs": "~17.4.47",
        "@syncfusion/ej2-lists": "~17.4.47",
        "@syncfusion/ej2-navigations": "~17.4.47",
        "@syncfusion/ej2-pdf-export": "~17.4.47",
        "@syncfusion/ej2-popups": "~17.4.47",
        "@syncfusion/ej2-svg-base": "~17.4.47"
      }
    },
    "@syncfusion/ej2-popups": {
      "version": "17.4.49",
      "resolved": "https://registry.npmjs.org/@syncfusion/ej2-popups/-/ej2-popups-17.4.49.tgz",
      "integrity": "sha512-4T9I+PoSwPnE9sTUI3dttxUTIppW/dsVSwi/XoCsASsQqrT4U0As27o1tek9v1FshydZRna9R6iX9pv0ux663w==",
      "requires": {
        "@syncfusion/ej2-base": "~17.4.47",
        "@syncfusion/ej2-buttons": "~17.4.49"
      }
    },
    "@syncfusion/ej2-querybuilder": {
      "version": "17.4.49",
      "resolved": "https://registry.npmjs.org/@syncfusion/ej2-querybuilder/-/ej2-querybuilder-17.4.49.tgz",
      "integrity": "sha512-WoPJPFAlpVneOE+5GzwT7ccSPEfMVVzOMBM24ESDR48rLhcetSQtZ/rnBzKuxvWmwepsGcdxYXBK7MFULOOjsQ==",
      "requires": {
        "@syncfusion/ej2-base": "~17.4.47",
        "@syncfusion/ej2-buttons": "~17.4.49",
        "@syncfusion/ej2-calendars": "~17.4.49",
        "@syncfusion/ej2-dropdowns": "~17.4.49",
        "@syncfusion/ej2-inputs": "~17.4.47",
        "@syncfusion/ej2-splitbuttons": "~17.4.49"
      }
    },
    "@syncfusion/ej2-richtexteditor": {
      "version": "17.4.49",
      "resolved": "https://registry.npmjs.org/@syncfusion/ej2-richtexteditor/-/ej2-richtexteditor-17.4.49.tgz",
      "integrity": "sha512-jIer23xHAOGLSAgLaoJt6vqo9G4U7Ke/0i8DEIsec4/XAVws49Dv7h6T79OgV2LWAoUSLFGqgQmqVANQLq9djA==",
      "requires": {
        "@syncfusion/ej2-base": "~17.4.47",
        "@syncfusion/ej2-buttons": "~17.4.49",
        "@syncfusion/ej2-inputs": "~17.4.47",
        "@syncfusion/ej2-navigations": "~17.4.49",
        "@syncfusion/ej2-popups": "~17.4.49",
        "@syncfusion/ej2-splitbuttons": "~17.4.49"
      }
    },
    "@syncfusion/ej2-schedule": {
      "version": "17.4.47",
      "resolved": "https://registry.npmjs.org/@syncfusion/ej2-schedule/-/ej2-schedule-17.4.47.tgz",
      "integrity": "sha512-mVulRw9K/ogZnYsAsSe+kwsskxflYM1XZLEjtT8qYnlctk2rmvFTjhkSx6B0LkP1oIVR0ii+bRY8nEfeilpLJA==",
      "requires": {
        "@syncfusion/ej2-base": "~17.4.47",
        "@syncfusion/ej2-buttons": "~17.4.47",
        "@syncfusion/ej2-calendars": "~17.4.47",
        "@syncfusion/ej2-data": "~17.4.47",
        "@syncfusion/ej2-dropdowns": "~17.4.47",
        "@syncfusion/ej2-excel-export": "~17.4.47",
        "@syncfusion/ej2-inputs": "~17.4.47",
        "@syncfusion/ej2-lists": "~17.4.47",
        "@syncfusion/ej2-navigations": "~17.4.47",
        "@syncfusion/ej2-popups": "~17.4.47"
      }
    },
    "@syncfusion/ej2-splitbuttons": {
      "version": "17.4.49",
      "resolved": "https://registry.npmjs.org/@syncfusion/ej2-splitbuttons/-/ej2-splitbuttons-17.4.49.tgz",
      "integrity": "sha512-nnBFzoR5UxCPaaQZUV31L9+hL13x223Tt7lhvqnxTDNmDb2MTwXQ3PPN/VYhza1AQnQjY17Ro7HPqPF7pbMnHQ==",
      "requires": {
        "@syncfusion/ej2-base": "~17.4.47",
        "@syncfusion/ej2-popups": "~17.4.49"
      }
    },
    "@syncfusion/ej2-spreadsheet": {
      "version": "17.4.49",
      "resolved": "https://registry.npmjs.org/@syncfusion/ej2-spreadsheet/-/ej2-spreadsheet-17.4.49.tgz",
      "integrity": "sha512-YkAkwJTgaAaRcR59Jn9FS4Bvv81Ljv95JdsIREmJEIyT01OhSiAeN+K+p0jUXnFwT4XPnEUid4MMzUvW0+m6mA==",
      "requires": {
        "@syncfusion/ej2-base": "~17.4.47",
        "@syncfusion/ej2-calendars": "~17.4.49",
        "@syncfusion/ej2-dropdowns": "~17.4.49",
        "@syncfusion/ej2-grids": "~17.4.49",
        "@syncfusion/ej2-navigations": "~17.4.49"
      }
    },
    "@syncfusion/ej2-svg-base": {
      "version": "17.4.47",
      "resolved": "https://registry.npmjs.org/@syncfusion/ej2-svg-base/-/ej2-svg-base-17.4.47.tgz",
      "integrity": "sha512-PEkzghoc9/RDvEfYceCAJo51NXyMbnMjNc+Ys7k0Nhw/g3l0OnebRmoGoh64NiMkl7bWNzA2RdE5UHv/fse5bA==",
      "requires": {
        "@syncfusion/ej2-base": "~17.4.47"
      }
    },
    "@syncfusion/ej2-treegrid": {
      "version": "17.4.49",
      "resolved": "https://registry.npmjs.org/@syncfusion/ej2-treegrid/-/ej2-treegrid-17.4.49.tgz",
      "integrity": "sha512-XJ4adiwjjTPr4k9luzXbdBWQrlKnKjrjQQk+CRIqJ33GpFUFri0GCAx/L5REhPaPpvJeKlt2UYF1g2XftqxYgA==",
      "requires": {
        "@syncfusion/ej2-base": "~17.4.47",
        "@syncfusion/ej2-data": "~17.4.47",
        "@syncfusion/ej2-grids": "~17.4.49",
        "@syncfusion/ej2-popups": "~17.4.49"
      }
    },
    "@syncfusion/ej2-treemap": {
      "version": "17.4.47",
      "resolved": "https://registry.npmjs.org/@syncfusion/ej2-treemap/-/ej2-treemap-17.4.47.tgz",
      "integrity": "sha512-/xVR6jrsh0ywN89fV7ywvNVGpupuiTmRFoVibQmtTg57SQ+Mblh3TmUIr4u1ST9Fgx3JkSmvoHpQyVwwQK8p5A==",
      "requires": {
        "@syncfusion/ej2-base": "~17.4.47",
        "@syncfusion/ej2-compression": "~17.4.47",
        "@syncfusion/ej2-data": "~17.4.47",
        "@syncfusion/ej2-file-utils": "~17.4.47",
        "@syncfusion/ej2-pdf-export": "~17.4.47",
        "@syncfusion/ej2-svg-base": "~17.4.47"
      }
    },
    "balanced-match": {
      "version": "1.0.0",
      "resolved": "https://registry.npmjs.org/balanced-match/-/balanced-match-1.0.0.tgz",
      "integrity": "sha1-ibTRmasr7kneFk6gK4nORi1xt2c="
    },
    "brace-expansion": {
      "version": "1.1.11",
      "resolved": "https://registry.npmjs.org/brace-expansion/-/brace-expansion-1.1.11.tgz",
      "integrity": "sha512-iCuPHDFgrHX7H2vEI/5xpz07zSHB00TpugqhmYtVmMO6518mCuRMoOYFldEBl0g187ufozdaHgWKcYFb61qGiA==",
      "requires": {
        "balanced-match": "^1.0.0",
        "concat-map": "0.0.1"
      }
    },
    "concat-map": {
      "version": "0.0.1",
      "resolved": "https://registry.npmjs.org/concat-map/-/concat-map-0.0.1.tgz",
      "integrity": "sha1-2Klr13/Wjfd5OnMDajug1UBdR3s="
    },
    "core-util-is": {
      "version": "1.0.2",
      "resolved": "https://registry.npmjs.org/core-util-is/-/core-util-is-1.0.2.tgz",
      "integrity": "sha1-tf1UIgqivFq1eqtxQMlAdUUDwac="
    },
    "fs.realpath": {
      "version": "1.0.0",
      "resolved": "https://registry.npmjs.org/fs.realpath/-/fs.realpath-1.0.0.tgz",
      "integrity": "sha1-FQStJSMVjKpA20onh8sBQRmU6k8="
    },
    "glob": {
      "version": "7.1.6",
      "resolved": "https://registry.npmjs.org/glob/-/glob-7.1.6.tgz",
      "integrity": "sha512-LwaxwyZ72Lk7vZINtNNrywX0ZuLyStrdDtabefZKAY5ZGJhVtgdznluResxNmPitE0SAO+O26sWTHeKSI2wMBA==",
      "requires": {
        "fs.realpath": "^1.0.0",
        "inflight": "^1.0.4",
        "inherits": "2",
        "minimatch": "^3.0.4",
        "once": "^1.3.0",
        "path-is-absolute": "^1.0.0"
      }
    },
    "immediate": {
      "version": "3.0.6",
      "resolved": "https://registry.npmjs.org/immediate/-/immediate-3.0.6.tgz",
      "integrity": "sha1-nbHb0Pr43m++D13V5Wu2BigN5ps="
    },
    "inflight": {
      "version": "1.0.6",
      "resolved": "https://registry.npmjs.org/inflight/-/inflight-1.0.6.tgz",
      "integrity": "sha1-Sb1jMdfQLQwJvJEKEHW6gWW1bfk=",
      "requires": {
        "once": "^1.3.0",
        "wrappy": "1"
      }
    },
    "inherits": {
      "version": "2.0.4",
      "resolved": "https://registry.npmjs.org/inherits/-/inherits-2.0.4.tgz",
      "integrity": "sha512-k/vGaX4/Yla3WzyMCvTQOXYeIHvqOKtnqBduzTHpzpQZzAskKMhZ2K+EnBiSM9zGSoIFeMpXKxa4dYeZIQqewQ=="
    },
    "isarray": {
      "version": "1.0.0",
      "resolved": "https://registry.npmjs.org/isarray/-/isarray-1.0.0.tgz",
      "integrity": "sha1-u5NdSFgsuhaMBoNJV6VKPgcSTxE="
    },
    "jszip": {
      "version": "3.2.2",
      "resolved": "https://registry.npmjs.org/jszip/-/jszip-3.2.2.tgz",
      "integrity": "sha512-NmKajvAFQpbg3taXQXr/ccS2wcucR1AZ+NtyWp2Nq7HHVsXhcJFR8p0Baf32C2yVvBylFWVeKf+WI2AnvlPhpA==",
      "requires": {
        "lie": "~3.3.0",
        "pako": "~1.0.2",
        "readable-stream": "~2.3.6",
        "set-immediate-shim": "~1.0.1"
      }
    },
    "lie": {
      "version": "3.3.0",
      "resolved": "https://registry.npmjs.org/lie/-/lie-3.3.0.tgz",
      "integrity": "sha512-UaiMJzeWRlEujzAuw5LokY1L5ecNQYZKfmyZ9L7wDHb/p5etKaxXhohBcrw0EYby+G/NA52vRSN4N39dxHAIwQ==",
      "requires": {
        "immediate": "~3.0.5"
      }
    },
    "minimatch": {
      "version": "3.0.4",
      "resolved": "https://registry.npmjs.org/minimatch/-/minimatch-3.0.4.tgz",
      "integrity": "sha512-yJHVQEhyqPLUTgt9B83PXu6W3rx4MvvHvSUvToogpwoGDOUQ+yDrR0HRot+yOCdCO7u4hX3pWft6kWBBcqh0UA==",
      "requires": {
        "brace-expansion": "^1.1.7"
      }
    },
    "once": {
      "version": "1.4.0",
      "resolved": "https://registry.npmjs.org/once/-/once-1.4.0.tgz",
      "integrity": "sha1-WDsap3WWHUsROsF9nFC6753Xa9E=",
      "requires": {
        "wrappy": "1"
      }
    },
    "os-tmpdir": {
      "version": "1.0.2",
      "resolved": "https://registry.npmjs.org/os-tmpdir/-/os-tmpdir-1.0.2.tgz",
      "integrity": "sha1-u+Z0BseaqFxc/sdm/lc0VV36EnQ="
    },
    "pako": {
      "version": "1.0.11",
      "resolved": "https://registry.npmjs.org/pako/-/pako-1.0.11.tgz",
      "integrity": "sha512-4hLB8Py4zZce5s4yd9XzopqwVv/yGNhV1Bl8NTmCq1763HeK2+EwVTv+leGeL13Dnh2wfbqowVPXCIO0z4taYw=="
    },
    "path-is-absolute": {
      "version": "1.0.1",
      "resolved": "https://registry.npmjs.org/path-is-absolute/-/path-is-absolute-1.0.1.tgz",
      "integrity": "sha1-F0uSaHNVNP+8es5r9TpanhtcX18="
    },
    "process-nextick-args": {
      "version": "2.0.1",
      "resolved": "https://registry.npmjs.org/process-nextick-args/-/process-nextick-args-2.0.1.tgz",
      "integrity": "sha512-3ouUOpQhtgrbOa17J7+uxOTpITYWaGP7/AhoR3+A+/1e9skrzelGi/dXzEYyvbxubEF6Wn2ypscTKiKJFFn1ag=="
    },
    "readable-stream": {
      "version": "2.3.7",
      "resolved": "https://registry.npmjs.org/readable-stream/-/readable-stream-2.3.7.tgz",
      "integrity": "sha512-Ebho8K4jIbHAxnuxi7o42OrZgF/ZTNcsZj6nRKyUmkhLFq8CHItp/fy6hQZuZmP/n3yZ9VBUbp4zz/mX8hmYPw==",
      "requires": {
        "core-util-is": "~1.0.0",
        "inherits": "~2.0.3",
        "isarray": "~1.0.0",
        "process-nextick-args": "~2.0.0",
        "safe-buffer": "~5.1.1",
        "string_decoder": "~1.1.1",
        "util-deprecate": "~1.0.1"
      }
    },
    "rimraf": {
      "version": "2.7.1",
      "resolved": "https://registry.npmjs.org/rimraf/-/rimraf-2.7.1.tgz",
      "integrity": "sha512-uWjbaKIK3T1OSVptzX7Nl6PvQ3qAGtKEtVRjRuazjfL3Bx5eI409VZSqgND+4UNnmzLVdPj9FqFJNPqBZFve4w==",
      "requires": {
        "glob": "^7.1.3"
      }
    },
    "safe-buffer": {
      "version": "5.1.2",
      "resolved": "https://registry.npmjs.org/safe-buffer/-/safe-buffer-5.1.2.tgz",
      "integrity": "sha512-Gd2UZBJDkXlY7GbJxfsE8/nvKkUEU1G38c1siN6QP6a9PT9MmHB8GnpscSmMJSoF8LOIrt8ud/wPtojys4G6+g=="
    },
    "sax": {
      "version": "1.2.4",
      "resolved": "https://registry.npmjs.org/sax/-/sax-1.2.4.tgz",
      "integrity": "sha512-NqVDv9TpANUjFm0N8uM5GxL36UgKi9/atZw+x7YFnQ8ckwFGKrl4xX4yWtrey3UJm5nP1kUbnYgLopqWNSRhWw=="
    },
    "selenium-webdriver": {
      "version": "4.0.0-alpha.5",
      "resolved": "https://registry.npmjs.org/selenium-webdriver/-/selenium-webdriver-4.0.0-alpha.5.tgz",
      "integrity": "sha512-hktl3DSrhzM59yLhWzDGHIX9o56DvA+cVK7Dw6FcJR6qQ4CGzkaHeXQPcdrslkWMTeq0Ci9AmCxq0EMOvm2Rkg==",
      "requires": {
        "jszip": "^3.1.5",
        "rimraf": "^2.6.3",
        "tmp": "0.0.30",
        "xml2js": "^0.4.19"
      }
    },
    "set-immediate-shim": {
      "version": "1.0.1",
      "resolved": "https://registry.npmjs.org/set-immediate-shim/-/set-immediate-shim-1.0.1.tgz",
      "integrity": "sha1-SysbJ+uAip+NzEgaWOXlb1mfP2E="
    },
    "string_decoder": {
      "version": "1.1.1",
      "resolved": "https://registry.npmjs.org/string_decoder/-/string_decoder-1.1.1.tgz",
      "integrity": "sha512-n/ShnvDi6FHbbVfviro+WojiFzv+s8MPMHBczVePfUpDJLwoLT0ht1l4YwBCbi8pJAveEEdnkHyPyTP/mzRfwg==",
      "requires": {
        "safe-buffer": "~5.1.0"
      }
    },
    "tmp": {
      "version": "0.0.30",
      "resolved": "https://registry.npmjs.org/tmp/-/tmp-0.0.30.tgz",
      "integrity": "sha1-ckGdSovn1s51FI/YsyTlk6cRwu0=",
      "requires": {
        "os-tmpdir": "~1.0.1"
      }
    },
    "tslib": {
      "version": "1.10.0",
      "resolved": "https://registry.npmjs.org/tslib/-/tslib-1.10.0.tgz",
      "integrity": "sha512-qOebF53frne81cf0S9B41ByenJ3/IuH8yJKngAX35CmiZySA0khhkovshKK+jGCaMnVomla7gVlIcc3EvKPbTQ=="
    },
    "util-deprecate": {
      "version": "1.0.2",
      "resolved": "https://registry.npmjs.org/util-deprecate/-/util-deprecate-1.0.2.tgz",
      "integrity": "sha1-RQ1Nyfpw3nMnYvvS1KKJgUGaDM8="
    },
    "wrappy": {
      "version": "1.0.2",
      "resolved": "https://registry.npmjs.org/wrappy/-/wrappy-1.0.2.tgz",
      "integrity": "sha1-tSQ9jz7BqjXxNkYFvA0QNuMKtp8="
    },
    "xml2js": {
      "version": "0.4.23",
      "resolved": "https://registry.npmjs.org/xml2js/-/xml2js-0.4.23.tgz",
      "integrity": "sha512-ySPiMjM0+pLDftHgXY4By0uswI3SPKLDw/i3UXbnO8M/p28zqexCUoPmQFrYD+/1BzhGJSs2i1ERWKJAtiLrug==",
      "requires": {
        "sax": ">=0.6.0",
        "xmlbuilder": "~11.0.0"
      }
    },
    "xmlbuilder": {
      "version": "11.0.1",
      "resolved": "https://registry.npmjs.org/xmlbuilder/-/xmlbuilder-11.0.1.tgz",
      "integrity": "sha512-fDlsI/kFEx7gLvbecc0/ohLG50fugQp8ryHzMTuW9vSa1GJ0XYWKnhsUx7oie3G98+r56aTQIUB4kht42R3JvA=="
    }
  }
}
